
Microsoft Visual Studio Solution File, Format Version 12.00
# Visual Studio Version 16
VisualStudioVersion = 16.0.30907.101
MinimumVisualStudioVersion = 10.0.40219.1
Project("{8BC9CEB8-8B4A-11D0-8D11-00A0C91BC942}") = "Cpp", "Cpp\Cpp.vcxproj", "{FFA80CED-5442-438C-AAED-F7270A5E800A}"
EndProject
Project("{8BC9CEB8-8B4A-11D0-8D11-00A0C91BC942}") = "student_class", "student_class\student_class.vcxproj", "{2260BF38-6E0C-4C0B-9D0D-F62009369497}"
EndProject
Global
	GlobalSection(SolutionConfigurationPlatforms) = preSolution
		Debug|x64 = Debug|x64
		Debug|x86 = Debug|x86
		Release|x64 = Release|x64
		Release|x86 = Release|x86
	EndGlobalSection
	GlobalSection(ProjectConfigurationPlatforms) = postSolution
		{FFA80CED-5442-438C-AAED-F7270A5E800A}.Debug|x64.ActiveCfg = Debug|x64
		{FFA80CED-5442-438C-AAED-F7270A5E800A}.Debug|x64.Build.0 = Debug|x64
		{FFA80CED-5442-438C-AAED-F7270A5E800A}.Debug|x86.ActiveCfg = Debug|Win32
		{FFA80CED-5442-438C-AAED-F7270A5E800A}.Debug|x86.Build.0 = Debug|Win32
		{FFA80CED-5442-438C-AAED-F7270A5E800A}.Release|x64.ActiveCfg = Release|x64
		{FFA80CED-5442-438C-AAED-F7270A5E800A}.Release|x64.Build.0 = Release|x64
		{FFA80CED-5442-438C-AAED-F7270A5E800A}.Release|x86.ActiveCfg = Release|Win32
		{FFA80CED-5442-438C-AAED-F7270A5E800A}.Release|x86.Build.0 = Release|Win32
		{2260BF38-6E0C-4C0B-9D0D-F62009369497}.Debug|x64.ActiveCfg = Debug|x64
		{2260BF38-6E0C-4C0B-9D0D-F62009369497}.Debug|x64.Build.0 = Debug|x64
		{2260BF38-6E0C-4C0B-9D0D-F62009369497}.Debug|x86.ActiveCfg = Debug|Win32
		{2260BF38-6E0C-4C0B-9D0D-F62009369497}.Debug|x86.Build.0 = Debug|Win32
		{2260BF38-6E0C-4C0B-9D0D-F62009369497}.Release|x64.ActiveCfg = Release|x64
		{2260BF38-6E0C-4C0B-9D0D-F62009369497}.Release|x64.Build.0 = Release|x64
		{2260BF38-6E0C-4C0B-9D0D-F62009369497}.Release|x86.ActiveCfg = Release|Win32
		{2260BF38-6E0C-4C0B-9D0D-F62009369497}.Release|x86.Build.0 = Release|Win32
	EndGlobalSection
	GlobalSection(SolutionProperties) = preSolution
		HideSolutionNode = FALSE
	EndGlobalSection
	GlobalSection(ExtensibilityGlobals) = postSolution
		SolutionGuid = {DDB66B56-C68C-4016-B2B5-5CFE8684A8B6}
	EndGlobalSection
EndGlobal
